{
  "name": "bokke",
  "version": "1.0.0",
  "lockfileVersion": 2,
  "requires": true,
  "packages": {
    "": {
      "name": "bokke",
      "version": "1.0.0",
      "license": "ISC",
      "dependencies": {
        "bokke.js": "^1.0.4"
      }
    },
    "node_modules/@types/chart.js": {
      "version": "2.9.37",
      "resolved": "https://registry.npmjs.org/@types/chart.js/-/chart.js-2.9.37.tgz",
      "integrity": "sha512-9bosRfHhkXxKYfrw94EmyDQcdjMaQPkU1fH2tDxu8DWXxf1mjzWQAV4laJF51ZbC2ycYwNDvIm1rGez8Bug0vg==",
      "dependencies": {
        "moment": "^2.10.2"
      }
    },
    "node_modules/bokke.js": {
      "version": "1.0.4",
      "resolved": "https://registry.npmjs.org/bokke.js/-/bokke.js-1.0.4.tgz",
      "integrity": "sha512-7NLgDbQfctP+LmeseaOHLvMbir+qtH266Z+dGQk+/MhE78H4QWTQVo7FJb2VwxnW3fK9ZB916Rq0IcC8RJedCw==",
      "dependencies": {
        "@types/chart.js": "^2.9.34",
        "chart.js": "^3.5.1",
        "wabt": "^1.0.24"
      }
    },
    "node_modules/chart.js": {
      "version": "3.9.1",
      "resolved": "https://registry.npmjs.org/chart.js/-/chart.js-3.9.1.tgz",
      "integrity": "sha512-Ro2JbLmvg83gXF5F4sniaQ+lTbSv18E+TIf2cOeiH1Iqd2PGFOtem+DUufMZsCJwFE7ywPOpfXFBwRTGq7dh6w=="
    },
    "node_modules/moment": {
      "version": "2.29.4",
      "resolved": "https://registry.npmjs.org/moment/-/moment-2.29.4.tgz",
      "integrity": "sha512-5LC9SOxjSc2HF6vO2CyuTDNivEdoz2IvyJJGj6X8DJ0eFyfszE0QiEd+iXmBvUP3WHxSjFH/vIsA0EN00cgr8w==",
      "engines": {
        "node": "*"
      }
    },
    "node_modules/wabt": {
      "version": "1.0.29",
      "resolved": "https://registry.npmjs.org/wabt/-/wabt-1.0.29.tgz",
      "integrity": "sha512-taUwem3bYn5ZrDYSNqJ2lIAXA3t0Xon7rLjRa8PZ21h8vp0IP5SKyozcWFhv8PPC07KJkGWpDuSCnzSdJ01YsA==",
      "bin": {
        "wasm-decompile": "bin/wasm-decompile",
        "wasm-interp": "bin/wasm-interp",
        "wasm-objdump": "bin/wasm-objdump",
        "wasm-opcodecnt": "bin/wasm-opcodecnt",
        "wasm-strip": "bin/wasm-strip",
        "wasm-validate": "bin/wasm-validate",
        "wasm2c": "bin/wasm2c",
        "wasm2wat": "bin/wasm2wat",
        "wat2wasm": "bin/wat2wasm"
      }
    }
  },
  "dependencies": {
    "@types/chart.js": {
      "version": "2.9.37",
      "resolved": "https://registry.npmjs.org/@types/chart.js/-/chart.js-2.9.37.tgz",
      "integrity": "sha512-9bosRfHhkXxKYfrw94EmyDQcdjMaQPkU1fH2tDxu8DWXxf1mjzWQAV4laJF51ZbC2ycYwNDvIm1rGez8Bug0vg==",
      "requires": {
        "moment": "^2.10.2"
      }
    },
    "bokke.js": {
      "version": "1.0.4",
      "resolved": "https://registry.npmjs.org/bokke.js/-/bokke.js-1.0.4.tgz",
      "integrity": "sha512-7NLgDbQfctP+LmeseaOHLvMbir+qtH266Z+dGQk+/MhE78H4QWTQVo7FJb2VwxnW3fK9ZB916Rq0IcC8RJedCw==",
      "requires": {
        "@types/chart.js": "^2.9.34",
        "chart.js": "^3.5.1",
        "wabt": "^1.0.24"
      }
    },
    "chart.js": {
      "version": "3.9.1",
      "resolved": "https://registry.npmjs.org/chart.js/-/chart.js-3.9.1.tgz",
      "integrity": "sha512-Ro2JbLmvg83gXF5F4sniaQ+lTbSv18E+TIf2cOeiH1Iqd2PGFOtem+DUufMZsCJwFE7ywPOpfXFBwRTGq7dh6w=="
    },
    "moment": {
      "version": "2.29.4",
      "resolved": "https://registry.npmjs.org/moment/-/moment-2.29.4.tgz",
      "integrity": "sha512-5LC9SOxjSc2HF6vO2CyuTDNivEdoz2IvyJJGj6X8DJ0eFyfszE0QiEd+iXmBvUP3WHxSjFH/vIsA0EN00cgr8w=="
    },
    "wabt": {
      "version": "1.0.29",
      "resolved": "https://registry.npmjs.org/wabt/-/wabt-1.0.29.tgz",
      "integrity": "sha512-taUwem3bYn5ZrDYSNqJ2lIAXA3t0Xon7rLjRa8PZ21h8vp0IP5SKyozcWFhv8PPC07KJkGWpDuSCnzSdJ01YsA=="
    }
  }
}
